// !$*UTF8*$!
{
	archiveVersion = 1;
	classes = {
	};
	objectVersion = 50;
	objects = {

/* Begin PBXBuildFile section */
		3AFB0C7E23D1983900176E80 /* AppDelegate.swift in Sources */ = {isa = PBXBuildFile; fileRef = 3AFB0C7D23D1983900176E80 /* AppDelegate.swift */; };
		3AFB0C8023D1983900176E80 /* SceneDelegate.swift in Sources */ = {isa = PBXBuildFile; fileRef = 3AFB0C7F23D1983900176E80 /* SceneDelegate.swift */; };
		3AFB0C8323D1983900176E80 /* timed_calculator.xcdatamodeld in Sources */ = {isa = PBXBuildFile; fileRef = 3AFB0C8123D1983900176E80 /* timed_calculator.xcdatamodeld */; };
		3AFB0C8523D1983900176E80 /* ContentView.swift in Sources */ = {isa = PBXBuildFile; fileRef = 3AFB0C8423D1983900176E80 /* ContentView.swift */; };
		3AFB0C8723D1983C00176E80 /* Assets.xcassets in Resources */ = {isa = PBXBuildFile; fileRef = 3AFB0C8623D1983C00176E80 /* Assets.xcassets */; };
		3AFB0C8A23D1983C00176E80 /* Preview Assets.xcassets in Resources */ = {isa = PBXBuildFile; fileRef = 3AFB0C8923D1983C00176E80 /* Preview Assets.xcassets */; };
		3AFB0C8D23D1983C00176E80 /* LaunchScreen.storyboard in Resources */ = {isa = PBXBuildFile; fileRef = 3AFB0C8B23D1983C00176E80 /* LaunchScreen.storyboard */; };
		3AFB0C9823D1983C00176E80 /* timed_calculatorTests.swift in Sources */ = {isa = PBXBuildFile; fileRef = 3AFB0C9723D1983C00176E80 /* timed_calculatorTests.swift */; };
		3AFB0CA323D1983C00176E80 /* timed_calculatorUITests.swift in Sources */ = {isa = PBXBuildFile; fileRef = 3AFB0CA223D1983C00176E80 /* timed_calculatorUITests.swift */; };
		3AFB0CB223D1991D00176E80 /* CalculatorVC.swift in Sources */ = {isa = PBXBuildFile; fileRef = 3AFB0CB023D1991D00176E80 /* CalculatorVC.swift */; };
		3AFB0CB323D1991D00176E80 /* CalculatorVC.xib in Resources */ = {isa = PBXBuildFile; fileRef = 3AFB0CB123D1991D00176E80 /* CalculatorVC.xib */; };
/* End PBXBuildFile section */

/* Begin PBXContainerItemProxy section */
		3AFB0C9423D1983C00176E80 /* PBXContainerItemProxy */ = {
			isa = PBXContainerItemProxy;
			containerPortal = 3AFB0C7223D1983900176E80 /* Project object */;
			proxyType = 1;
			remoteGlobalIDString = 3AFB0C7923D1983900176E80;
			remoteInfo = timed_calculator;
		};
		3AFB0C9F23D1983C00176E80 /* PBXContainerItemProxy */ = {
			isa = PBXContainerItemProxy;
			containerPortal = 3AFB0C7223D1983900176E80 /* Project object */;
			proxyType = 1;
			remoteGlobalIDString = 3AFB0C7923D1983900176E80;
			remoteInfo = timed_calculator;
		};
/* End PBXContainerItemProxy section */

/* Begin PBXFileReference section */
		3AFB0C7A23D1983900176E80 /* timed_calculator.app */ = {isa = PBXFileReference; explicitFileType = wrapper.application; includeInIndex = 0; path = timed_calculator.app; sourceTree = BUILT_PRODUCTS_DIR; };
		3AFB0C7D23D1983900176E80 /* AppDelegate.swift */ = {isa = PBXFileReference; lastKnownFileType = sourcecode.swift; path = AppDelegate.swift; sourceTree = "<group>"; };
		3AFB0C7F23D1983900176E80 /* SceneDelegate.swift */ = {isa = PBXFileReference; lastKnownFileType = sourcecode.swift; path = SceneDelegate.swift; sourceTree = "<group>"; };
		3AFB0C8223D1983900176E80 /* timed_calculator.xcdatamodel */ = {isa = PBXFileReference; lastKnownFileType = wrapper.xcdatamodel; path = timed_calculator.xcdatamodel; sourceTree = "<group>"; };
		3AFB0C8423D1983900176E80 /* ContentView.swift */ = {isa = PBXFileReference; lastKnownFileType = sourcecode.swift; path = ContentView.swift; sourceTree = "<group>"; };
		3AFB0C8623D1983C00176E80 /* Assets.xcassets */ = {isa = PBXFileReference; lastKnownFileType = folder.assetcatalog; path = Assets.xcassets; sourceTree = "<group>"; };
		3AFB0C8923D1983C00176E80 /* Preview Assets.xcassets */ = {isa = PBXFileReference; lastKnownFileType = folder.assetcatalog; path = "Preview Assets.xcassets"; sourceTree = "<group>"; };
		3AFB0C8C23D1983C00176E80 /* Base */ = {isa = PBXFileReference; lastKnownFileType = file.storyboard; name = Base; path = Base.lproj/LaunchScreen.storyboard; sourceTree = "<group>"; };
		3AFB0C8E23D1983C00176E80 /* Info.plist */ = {isa = PBXFileReference; lastKnownFileType = text.plist.xml; path = Info.plist; sourceTree = "<group>"; };
		3AFB0C9323D1983C00176E80 /* timed_calculatorTests.xctest */ = {isa = PBXFileReference; explicitFileType = wrapper.cfbundle; includeInIndex = 0; path = timed_calculatorTests.xctest; sourceTree = BUILT_PRODUCTS_DIR; };
		3AFB0C9723D1983C00176E80 /* timed_calculatorTests.swift */ = {isa = PBXFileReference; lastKnownFileType = sourcecode.swift; path = timed_calculatorTests.swift; sourceTree = "<group>"; };
		3AFB0C9923D1983C00176E80 /* Info.plist */ = {isa = PBXFileReference; lastKnownFileType = text.plist.xml; path = Info.plist; sourceTree = "<group>"; };
		3AFB0C9E23D1983C00176E80 /* timed_calculatorUITests.xctest */ = {isa = PBXFileReference; explicitFileType = wrapper.cfbundle; includeInIndex = 0; path = timed_calculatorUITests.xctest; sourceTree = BUILT_PRODUCTS_DIR; };
		3AFB0CA223D1983C00176E80 /* timed_calculatorUITests.swift */ = {isa = PBXFileReference; lastKnownFileType = sourcecode.swift; path = timed_calculatorUITests.swift; sourceTree = "<group>"; };
		3AFB0CA423D1983C00176E80 /* Info.plist */ = {isa = PBXFileReference; lastKnownFileType = text.plist.xml; path = Info.plist; sourceTree = "<group>"; };
		3AFB0CB023D1991D00176E80 /* CalculatorVC.swift */ = {isa = PBXFileReference; lastKnownFileType = sourcecode.swift; path = CalculatorVC.swift; sourceTree = "<group>"; };
		3AFB0CB123D1991D00176E80 /* CalculatorVC.xib */ = {isa = PBXFileReference; lastKnownFileType = file.xib; path = CalculatorVC.xib; sourceTree = "<group>"; };
/* End PBXFileReference section */

/* Begin PBXFrameworksBuildPhase section */
		3AFB0C7723D1983900176E80 /* Frameworks */ = {
			isa = PBXFrameworksBuildPhase;
			buildActionMask = 2147483647;
			files = (
			);
			runOnlyForDeploymentPostprocessing = 0;
		};
		3AFB0C9023D1983C00176E80 /* Frameworks */ = {
			isa = PBXFrameworksBuildPhase;
			buildActionMask = 2147483647;
			files = (
			);
			runOnlyForDeploymentPostprocessing = 0;
		};
		3AFB0C9B23D1983C00176E80 /* Frameworks */ = {
			isa = PBXFrameworksBuildPhase;
			buildActionMask = 2147483647;
			files = (
			);
			runOnlyForDeploymentPostprocessing = 0;
		};
/* End PBXFrameworksBuildPhase section */

/* Begin PBXGroup section */
		3AFB0C7123D1983900176E80 = {
			isa = PBXGroup;
			children = (
				3AFB0C7C23D1983900176E80 /* timed_calculator */,
				3AFB0C9623D1983C00176E80 /* timed_calculatorTests */,
				3AFB0CA123D1983C00176E80 /* timed_calculatorUITests */,
				3AFB0C7B23D1983900176E80 /* Products */,
			);
			sourceTree = "<group>";
		};
		3AFB0C7B23D1983900176E80 /* Products */ = {
			isa = PBXGroup;
			children = (
				3AFB0C7A23D1983900176E80 /* timed_calculator.app */,
				3AFB0C9323D1983C00176E80 /* timed_calculatorTests.xctest */,
				3AFB0C9E23D1983C00176E80 /* timed_calculatorUITests.xctest */,
			);
			name = Products;
			sourceTree = "<group>";
		};
		3AFB0C7C23D1983900176E80 /* timed_calculator */ = {
			isa = PBXGroup;
			children = (
				3AFB0C7D23D1983900176E80 /* AppDelegate.swift */,
				3AFB0C7F23D1983900176E80 /* SceneDelegate.swift */,
				3AFB0C8423D1983900176E80 /* ContentView.swift */,
				3AFB0C8623D1983C00176E80 /* Assets.xcassets */,
				3AFB0C8B23D1983C00176E80 /* LaunchScreen.storyboard */,
				3AFB0C8E23D1983C00176E80 /* Info.plist */,
				3AFB0C8123D1983900176E80 /* timed_calculator.xcdatamodeld */,
				3AFB0C8823D1983C00176E80 /* Preview Content */,
				3AFB0CB023D1991D00176E80 /* CalculatorVC.swift */,
				3AFB0CB123D1991D00176E80 /* CalculatorVC.xib */,
			);
			path = timed_calculator;
			sourceTree = "<group>";
		};
		3AFB0C8823D1983C00176E80 /* Preview Content */ = {
			isa = PBXGroup;
			children = (
				3AFB0C8923D1983C00176E80 /* Preview Assets.xcassets */,
			);
			path = "Preview Content";
			sourceTree = "<group>";
		};
		3AFB0C9623D1983C00176E80 /* timed_calculatorTests */ = {
			isa = PBXGroup;
			children = (
				3AFB0C9723D1983C00176E80 /* timed_calculatorTests.swift */,
				3AFB0C9923D1983C00176E80 /* Info.plist */,
			);
			path = timed_calculatorTests;
			sourceTree = "<group>";
		};
		3AFB0CA123D1983C00176E80 /* timed_calculatorUITests */ = {
			isa = PBXGroup;
			children = (
				3AFB0CA223D1983C00176E80 /* timed_calculatorUITests.swift */,
				3AFB0CA423D1983C00176E80 /* Info.plist */,
			);
			path = timed_calculatorUITests;
			sourceTree = "<group>";
		};
/* End PBXGroup section */

/* Begin PBXNativeTarget section */
		3AFB0C7923D1983900176E80 /* timed_calculator */ = {
			isa = PBXNativeTarget;
			buildConfigurationList = 3AFB0CA723D1983C00176E80 /* Build configuration list for PBXNativeTarget "timed_calculator" */;
			buildPhases = (
				3AFB0C7623D1983900176E80 /* Sources */,
				3AFB0C7723D1983900176E80 /* Frameworks */,
				3AFB0C7823D1983900176E80 /* Resources */,
			);
			buildRules = (
			);
			dependencies = (
			);
			name = timed_calculator;
			productName = timed_calculator;
			productReference = 3AFB0C7A23D1983900176E80 /* timed_calculator.app */;
			productType = "com.apple.product-type.application";
		};
		3AFB0C9223D1983C00176E80 /* timed_calculatorTests */ = {
			isa = PBXNativeTarget;
			buildConfigurationList = 3AFB0CAA23D1983C00176E80 /* Build configuration list for PBXNativeTarget "timed_calculatorTests" */;
			buildPhases = (
				3AFB0C8F23D1983C00176E80 /* Sources */,
				3AFB0C9023D1983C00176E80 /* Frameworks */,
				3AFB0C9123D1983C00176E80 /* Resources */,
			);
			buildRules = (
			);
			dependencies = (
				3AFB0C9523D1983C00176E80 /* PBXTargetDependency */,
			);
			name = timed_calculatorTests;
			productName = timed_calculatorTests;
			productReference = 3AFB0C9323D1983C00176E80 /* timed_calculatorTests.xctest */;
			productType = "com.apple.product-type.bundle.unit-test";
		};
		3AFB0C9D23D1983C00176E80 /* timed_calculatorUITests */ = {
			isa = PBXNativeTarget;
			buildConfigurationList = 3AFB0CAD23D1983C00176E80 /* Build configuration list for PBXNativeTarget "timed_calculatorUITests" */;
			buildPhases = (
				3AFB0C9A23D1983C00176E80 /* Sources */,
				3AFB0C9B23D1983C00176E80 /* Frameworks */,
				3AFB0C9C23D1983C00176E80 /* Resources */,
			);
			buildRules = (
			);
			dependencies = (
				3AFB0CA023D1983C00176E80 /* PBXTargetDependency */,
			);
			name = timed_calculatorUITests;
			productName = timed_calculatorUITests;
			productReference = 3AFB0C9E23D1983C00176E80 /* timed_calculatorUITests.xctest */;
			productType = "com.apple.product-type.bundle.ui-testing";
		};
/* End PBXNativeTarget section */

/* Begin PBXProject section */
		3AFB0C7223D1983900176E80 /* Project object */ = {
			isa = PBXProject;
			attributes = {
				LastSwiftUpdateCheck = 1130;
				LastUpgradeCheck = 1130;
				ORGANIZATIONNAME = "NIGEL FAUSTINO";
				TargetAttributes = {
					3AFB0C7923D1983900176E80 = {
						CreatedOnToolsVersion = 11.3;
					};
					3AFB0C9223D1983C00176E80 = {
						CreatedOnToolsVersion = 11.3;
						TestTargetID = 3AFB0C7923D1983900176E80;
					};
					3AFB0C9D23D1983C00176E80 = {
						CreatedOnToolsVersion = 11.3;
						TestTargetID = 3AFB0C7923D1983900176E80;
					};
				};
			};
			buildConfigurationList = 3AFB0C7523D1983900176E80 /* Build configuration list for PBXProject "timed_calculator" */;
			compatibilityVersion = "Xcode 9.3";
			developmentRegion = en;
			hasScannedForEncodings = 0;
			knownRegions = (
				en,
				Base,
			);
			mainGroup = 3AFB0C7123D1983900176E80;
			productRefGroup = 3AFB0C7B23D1983900176E80 /* Products */;
			projectDirPath = "";
			projectRoot = "";
			targets = (
				3AFB0C7923D1983900176E80 /* timed_calculator */,
				3AFB0C9223D1983C00176E80 /* timed_calculatorTests */,
				3AFB0C9D23D1983C00176E80 /* timed_calculatorUITests */,
			);
		};
/* End PBXProject section */

/* Begin PBXResourcesBuildPhase section */
		3AFB0C7823D1983900176E80 /* Resources */ = {
			isa = PBXResourcesBuildPhase;
			buildActionMask = 2147483647;
			files = (
				3AFB0CB323D1991D00176E80 /* CalculatorVC.xib in Resources */,
				3AFB0C8D23D1983C00176E80 /* LaunchScreen.storyboard in Resources */,
				3AFB0C8A23D1983C00176E80 /* Preview Assets.xcassets in Resources */,
				3AFB0C8723D1983C00176E80 /* Assets.xcassets in Resources */,
			);
			runOnlyForDeploymentPostprocessing = 0;
		};
		3AFB0C9123D1983C00176E80 /* Resources */ = {
			isa = PBXResourcesBuildPhase;
			buildActionMask = 2147483647;
			files = (
			);
			runOnlyForDeploymentPostprocessing = 0;
		};
		3AFB0C9C23D1983C00176E80 /* Resources */ = {
			isa = PBXResourcesBuildPhase;
			buildActionMask = 2147483647;
			files = (
			);
			runOnlyForDeploymentPostprocessing = 0;
		};
/* End PBXResourcesBuildPhase section */

/* Begin PBXSourcesBuildPhase section */
		3AFB0C7623D1983900176E80 /* Sources */ = {
			isa = PBXSourcesBuildPhase;
			buildActionMask = 2147483647;
			files = (
				3AFB0CB223D1991D00176E80 /* CalculatorVC.swift in Sources */,
				3AFB0C8323D1983900176E80 /* timed_calculator.xcdatamodeld in Sources */,
				3AFB0C7E23D1983900176E80 /* AppDelegate.swift in Sources */,
				3AFB0C8523D1983900176E80 /* ContentView.swift in Sources */,
				3AFB0C8023D1983900176E80 /* SceneDelegate.swift in Sources */,
			);
			runOnlyForDeploymentPostprocessing = 0;
		};
		3AFB0C8F23D1983C00176E80 /* Sources */ = {
			isa = PBXSourcesBuildPhase;
			buildActionMask = 2147483647;
			files = (
				3AFB0C9823D1983C00176E80 /* timed_calculatorTests.swift in Sources */,
			);
			runOnlyForDeploymentPostprocessing = 0;
		};
		3AFB0C9A23D1983C00176E80 /* Sources */ = {
			isa = PBXSourcesBuildPhase;
			buildActionMask = 2147483647;
			files = (
				3AFB0CA323D1983C00176E80 /* timed_calculatorUITests.swift in Sources */,
			);
			runOnlyForDeploymentPostprocessing = 0;
		};
/* End PBXSourcesBuildPhase section */

/* Begin PBXTargetDependency section */
		3AFB0C9523D1983C00176E80 /* PBXTargetDependency */ = {
			isa = PBXTargetDependency;
			target = 3AFB0C7923D1983900176E80 /* timed_calculator */;
			targetProxy = 3AFB0C9423D1983C00176E80 /* PBXContainerItemProxy */;
		};
		3AFB0CA023D1983C00176E80 /* PBXTargetDependency */ = {
			isa = PBXTargetDependency;
			target = 3AFB0C7923D1983900176E80 /* timed_calculator */;
			targetProxy = 3AFB0C9F23D1983C00176E80 /* PBXContainerItemProxy */;
		};
/* End PBXTargetDependency section */

/* Begin PBXVariantGroup section */
		3AFB0C8B23D1983C00176E80 /* LaunchScreen.storyboard */ = {
			isa = PBXVariantGroup;
			children = (
				3AFB0C8C23D1983C00176E80 /* Base */,
			);
			name = LaunchScreen.storyboard;
			sourceTree = "<group>";
		};
/* End PBXVariantGroup section */

/* Begin XCBuildConfiguration section */
		3AFB0CA523D1983C00176E80 /* Debug */ = {
			isa = XCBuildConfiguration;
			buildSettings = {
				ALWAYS_SEARCH_USER_PATHS = NO;
				CLANG_ANALYZER_NONNULL = YES;
				CLANG_ANALYZER_NUMBER_OBJECT_CONVERSION = YES_AGGRESSIVE;
				CLANG_CXX_LANGUAGE_STANDARD = "gnu++14";
				CLANG_CXX_LIBRARY = "libc++";
				CLANG_ENABLE_MODULES = YES;
				CLANG_ENABLE_OBJC_ARC = YES;
				CLANG_ENABLE_OBJC_WEAK = YES;
				CLANG_WARN_BLOCK_CAPTURE_AUTORELEASING = YES;
				CLANG_WARN_BOOL_CONVERSION = YES;
				CLANG_WARN_COMMA = YES;
				CLANG_WARN_CONSTANT_CONVERSION = YES;
				CLANG_WARN_DEPRECATED_OBJC_IMPLEMENTATIONS = YES;
				CLANG_WARN_DIRECT_OBJC_ISA_USAGE = YES_ERROR;
				CLANG_WARN_DOCUMENTATION_COMMENTS = YES;
				CLANG_WARN_EMPTY_BODY = YES;
				CLANG_WARN_ENUM_CONVERSION = YES;
				CLANG_WARN_INFINITE_RECURSION = YES;
				CLANG_WARN_INT_CONVERSION = YES;
				CLANG_WARN_NON_LITERAL_NULL_CONVERSION = YES;
				CLANG_WARN_OBJC_IMPLICIT_RETAIN_SELF = YES;
				CLANG_WARN_OBJC_LITERAL_CONVERSION = YES;
				CLANG_WARN_OBJC_ROOT_CLASS = YES_ERROR;
				CLANG_WARN_RANGE_LOOP_ANALYSIS = YES;
				CLANG_WARN_STRICT_PROTOTYPES = YES;
				CLANG_WARN_SUSPICIOUS_MOVE = YES;
				CLANG_WARN_UNGUARDED_AVAILABILITY = YES_AGGRESSIVE;
				CLANG_WARN_UNREACHABLE_CODE = YES;
				CLANG_WARN__DUPLICATE_METHOD_MATCH = YES;
				COPY_PHASE_STRIP = NO;
				DEBUG_INFORMATION_FORMAT = dwarf;
				ENABLE_STRICT_OBJC_MSGSEND = YES;
				ENABLE_TESTABILITY = YES;
				GCC_C_LANGUAGE_STANDARD = gnu11;
				GCC_DYNAMIC_NO_PIC = NO;
				GCC_NO_COMMON_BLOCKS = YES;
				GCC_OPTIMIZATION_LEVEL = 0;
				GCC_PREPROCESSOR_DEFINITIONS = (
					"DEBUG=1",
					"$(inherited)",
				);
				GCC_WARN_64_TO_32_BIT_CONVERSION = YES;
				GCC_WARN_ABOUT_RETURN_TYPE = YES_ERROR;
				GCC_WARN_UNDECLARED_SELECTOR = YES;
				GCC_WARN_UNINITIALIZED_AUTOS = YES_AGGRESSIVE;
				GCC_WARN_UNUSED_FUNCTION = YES;
				GCC_WARN_UNUSED_VARIABLE = YES;
				IPHONEOS_DEPLOYMENT_TARGET = 13.2;
				MTL_ENABLE_DEBUG_INFO = INCLUDE_SOURCE;
				MTL_FAST_MATH = YES;
				ONLY_ACTIVE_ARCH = YES;
				SDKROOT = iphoneos;
				SWIFT_ACTIVE_COMPILATION_CONDITIONS = DEBUG;
				SWIFT_OPTIMIZATION_LEVEL = "-Onone";
			};
			name = Debug;
		};
		3AFB0CA623D1983C00176E80 /* Release */ = {
			isa = XCBuildConfiguration;
			buildSettings = {
				ALWAYS_SEARCH_USER_PATHS = NO;
				CLANG_ANALYZER_NONNULL = YES;
				CLANG_ANALYZER_NUMBER_OBJECT_CONVERSION = YES_AGGRESSIVE;
				CLANG_CXX_LANGUAGE_STANDARD = "gnu++14";
				CLANG_CXX_LIBRARY = "libc++";
				CLANG_ENABLE_MODULES = YES;
				CLANG_ENABLE_OBJC_ARC = YES;
				CLANG_ENABLE_OBJC_WEAK = YES;
				CLANG_WARN_BLOCK_CAPTURE_AUTORELEASING = YES;
				CLANG_WARN_BOOL_CONVERSION = YES;
				CLANG_WARN_COMMA = YES;
				CLANG_WARN_CONSTANT_CONVERSION = YES;
				CLANG_WARN_DEPRECATED_OBJC_IMPLEMENTATIONS = YES;
				CLANG_WARN_DIRECT_OBJC_ISA_USAGE = YES_ERROR;
				CLANG_WARN_DOCUMENTATION_COMMENTS = YES;
				CLANG_WARN_EMPTY_BODY = YES;
				CLANG_WARN_ENUM_CONVERSION = YES;
				CLANG_WARN_INFINITE_RECURSION = YES;
				CLANG_WARN_INT_CONVERSION = YES;
				CLANG_WARN_NON_LITERAL_NULL_CONVERSION = YES;
				CLANG_WARN_OBJC_IMPLICIT_RETAIN_SELF = YES;
				CLANG_WARN_OBJC_LITERAL_CONVERSION = YES;
				CLANG_WARN_OBJC_ROOT_CLASS = YES_ERROR;
				CLANG_WARN_RANGE_LOOP_ANALYSIS = YES;
				CLANG_WARN_STRICT_PROTOTYPES = YES;
				CLANG_WARN_SUSPICIOUS_MOVE = YES;
				CLANG_WARN_UNGUARDED_AVAILABILITY = YES_AGGRESSIVE;
				CLANG_WARN_UNREACHABLE_CODE = YES;
				CLANG_WARN__DUPLICATE_METHOD_MATCH = YES;
				COPY_PHASE_STRIP = NO;
				DEBUG_INFORMATION_FORMAT = "dwarf-with-dsym";
				ENABLE_NS_ASSERTIONS = NO;
				ENABLE_STRICT_OBJC_MSGSEND = YES;
				GCC_C_LANGUAGE_STANDARD = gnu11;
				GCC_NO_COMMON_BLOCKS = YES;
				GCC_WARN_64_TO_32_BIT_CONVERSION = YES;
				GCC_WARN_ABOUT_RETURN_TYPE = YES_ERROR;
				GCC_WARN_UNDECLARED_SELECTOR = YES;
				GCC_WARN_UNINITIALIZED_AUTOS = YES_AGGRESSIVE;
				GCC_WARN_UNUSED_FUNCTION = YES;
				GCC_WARN_UNUSED_VARIABLE = YES;
				IPHONEOS_DEPLOYMENT_TARGET = 13.2;
				MTL_ENABLE_DEBUG_INFO = NO;
				MTL_FAST_MATH = YES;
				SDKROOT = iphoneos;
				SWIFT_COMPILATION_MODE = wholemodule;
				SWIFT_OPTIMIZATION_LEVEL = "-O";
				VALIDATE_PRODUCT = YES;
			};
			name = Release;
		};
		3AFB0CA823D1983C00176E80 /* Debug */ = {
			isa = XCBuildConfiguration;
			buildSettings = {
				ASSETCATALOG_COMPILER_APPICON_NAME = AppIcon;
				CODE_SIGN_STYLE = Automatic;
				DEVELOPMENT_ASSET_PATHS = "\"timed_calculator/Preview Content\"";
				ENABLE_PREVIEWS = YES;
				INFOPLIST_FILE = timed_calculator/Info.plist;
				LD_RUNPATH_SEARCH_PATHS = (
					"$(inherited)",
					"@executable_path/Frameworks",
				);
				PRODUCT_BUNDLE_IDENTIFIER = "Nigel.timed-calculator";
				PRODUCT_NAME = "$(TARGET_NAME)";
				SWIFT_VERSION = 5.0;
				TARGETED_DEVICE_FAMILY = "1,2";
			};
			name = Debug;
		};
		3AFB0CA923D1983C00176E80 /* Release */ = {
			isa = XCBuildConfiguration;
			buildSettings = {
				ASSETCATALOG_COMPILER_APPICON_NAME = AppIcon;
				CODE_SIGN_STYLE = Automatic;
				DEVELOPMENT_ASSET_PATHS = "\"timed_calculator/Preview Content\"";
				ENABLE_PREVIEWS = YES;
				INFOPLIST_FILE = timed_calculator/Info.plist;
				LD_RUNPATH_SEARCH_PATHS = (
					"$(inherited)",
					"@executable_path/Frameworks",
				);
				PRODUCT_BUNDLE_IDENTIFIER = "Nigel.timed-calculator";
				PRODUCT_NAME = "$(TARGET_NAME)";
				SWIFT_VERSION = 5.0;
				TARGETED_DEVICE_FAMILY = "1,2";
			};
			name = Release;
		};
		3AFB0CAB23D1983C00176E80 /* Debug */ = {
			isa = XCBuildConfiguration;
			buildSettings = {
				ALWAYS_EMBED_SWIFT_STANDARD_LIBRARIES = YES;
				BUNDLE_LOADER = "$(TEST_HOST)";
				CODE_SIGN_STYLE = Automatic;
				INFOPLIST_FILE = timed_calculatorTests/Info.plist;
				IPHONEOS_DEPLOYMENT_TARGET = 13.2;
				LD_RUNPATH_SEARCH_PATHS = (
					"$(inherited)",
					"@executable_path/Frameworks",
					"@loader_path/Frameworks",
				);
				PRODUCT_BUNDLE_IDENTIFIER = "Nigel.timed-calculatorTests";
				PRODUCT_NAME = "$(TARGET_NAME)";
				SWIFT_VERSION = 5.0;
				TARGETED_DEVICE_FAMILY = "1,2";
				TEST_HOST = "$(BUILT_PRODUCTS_DIR)/timed_calculator.app/timed_calculator";
			};
			name = Debug;
		};
		3AFB0CAC23D1983C00176E80 /* Release */ = {
			isa = XCBuildConfiguration;
			buildSettings = {
				ALWAYS_EMBED_SWIFT_STANDARD_LIBRARIES = YES;
				BUNDLE_LOADER = "$(TEST_HOST)";
				CODE_SIGN_STYLE = Automatic;
				INFOPLIST_FILE = timed_calculatorTests/Info.plist;
				IPHONEOS_DEPLOYMENT_TARGET = 13.2;
				LD_RUNPATH_SEARCH_PATHS = (
					"$(inherited)",
					"@executable_path/Frameworks",
					"@loader_path/Frameworks",
				);
				PRODUCT_BUNDLE_IDENTIFIER = "Nigel.timed-calculatorTests";
				PRODUCT_NAME = "$(TARGET_NAME)";
				SWIFT_VERSION = 5.0;
				TARGETED_DEVICE_FAMILY = "1,2";
				TEST_HOST = "$(BUILT_PRODUCTS_DIR)/timed_calculator.app/timed_calculator";
			};
			name = Release;
		};
		3AFB0CAE23D1983C00176E80 /* Debug */ = {
			isa = XCBuildConfiguration;
			buildSettings = {
				ALWAYS_EMBED_SWIFT_STANDARD_LIBRARIES = YES;
				CODE_SIGN_STYLE = Automatic;
				INFOPLIST_FILE = timed_calculatorUITests/Info.plist;
				LD_RUNPATH_SEARCH_PATHS = (
					"$(inherited)",
					"@executable_path/Frameworks",
					"@loader_path/Frameworks",
				);
				PRODUCT_BUNDLE_IDENTIFIER = "Nigel.timed-calculatorUITests";
				PRODUCT_NAME = "$(TARGET_NAME)";
				SWIFT_VERSION = 5.0;
				TARGETED_DEVICE_FAMILY = "1,2";
				TEST_TARGET_NAME = timed_calculator;
			};
			name = Debug;
		};
		3AFB0CAF23D1983C00176E80 /* Release */ = {
			isa = XCBuildConfiguration;
			buildSettings = {
				ALWAYS_EMBED_SWIFT_STANDARD_LIBRARIES = YES;
				CODE_SIGN_STYLE = Automatic;
				INFOPLIST_FILE = timed_calculatorUITests/Info.plist;
				LD_RUNPATH_SEARCH_PATHS = (
					"$(inherited)",
					"@executable_path/Frameworks",
					"@loader_path/Frameworks",
				);
				PRODUCT_BUNDLE_IDENTIFIER = "Nigel.timed-calculatorUITests";
				PRODUCT_NAME = "$(TARGET_NAME)";
				SWIFT_VERSION = 5.0;
				TARGETED_DEVICE_FAMILY = "1,2";
				TEST_TARGET_NAME = timed_calculator;
			};
			name = Release;
		};
/* End XCBuildConfiguration section */

/* Begin XCConfigurationList section */
		3AFB0C7523D1983900176E80 /* Build configuration list for PBXProject "timed_calculator" */ = {
			isa = XCConfigurationList;
			buildConfigurations = (
				3AFB0CA523D1983C00176E80 /* Debug */,
				3AFB0CA623D1983C00176E80 /* Release */,
			);
			defaultConfigurationIsVisible = 0;
			defaultConfigurationName = Release;
		};
		3AFB0CA723D1983C00176E80 /* Build configuration list for PBXNativeTarget "timed_calculator" */ = {
			isa = XCConfigurationList;
			buildConfigurations = (
				3AFB0CA823D1983C00176E80 /* Debug */,
				3AFB0CA923D1983C00176E80 /* Release */,
			);
			defaultConfigurationIsVisible = 0;
			defaultConfigurationName = Release;
		};
		3AFB0CAA23D1983C00176E80 /* Build configuration list for PBXNativeTarget "timed_calculatorTests" */ = {
			isa = XCConfigurationList;
			buildConfigurations = (
				3AFB0CAB23D1983C00176E80 /* Debug */,
				3AFB0CAC23D1983C00176E80 /* Release */,
			);
			defaultConfigurationIsVisible = 0;
			defaultConfigurationName = Release;
		};
		3AFB0CAD23D1983C00176E80 /* Build configuration list for PBXNativeTarget "timed_calculatorUITests" */ = {
			isa = XCConfigurationList;
			buildConfigurations = (
				3AFB0CAE23D1983C00176E80 /* Debug */,
				3AFB0CAF23D1983C00176E80 /* Release */,
			);
			defaultConfigurationIsVisible = 0;
			defaultConfigurationName = Release;
		};
/* End XCConfigurationList section */

/* Begin XCVersionGroup section */
		3AFB0C8123D1983900176E80 /* timed_calculator.xcdatamodeld */ = {
			isa = XCVersionGroup;
			children = (
				3AFB0C8223D1983900176E80 /* timed_calculator.xcdatamodel */,
			);
			currentVersion = 3AFB0C8223D1983900176E80 /* timed_calculator.xcdatamodel */;
			path = timed_calculator.xcdatamodeld;
			sourceTree = "<group>";
			versionGroupType = wrapper.xcdatamodel;
		};
/* End XCVersionGroup section */
	};
	rootObject = 3AFB0C7223D1983900176E80 /* Project object */;
}
